
Microsoft Visual Studio Solution File, Format Version 12.00
Project("{FAE04EC0-301F-11D3-BF4B-00C04F79EFBC}") = "PSVtoCSV", "PSVtoCSV\PSVtoCSV.csproj", "{5EA1641A-8FE0-47C0-B06C-23AEC78F3774}"
EndProject
Global
	GlobalSection(SolutionConfigurationPlatforms) = preSolution
		Debug|Any CPU = Debug|Any CPU
		Release|Any CPU = Release|Any CPU
	EndGlobalSection
	GlobalSection(ProjectConfigurationPlatforms) = postSolution
		{5EA1641A-8FE0-47C0-B06C-23AEC78F3774}.Debug|Any CPU.ActiveCfg = Debug|Any CPU
		{5EA1641A-8FE0-47C0-B06C-23AEC78F3774}.Debug|Any CPU.Build.0 = Debug|Any CPU
		{5EA1641A-8FE0-47C0-B06C-23AEC78F3774}.Release|Any CPU.ActiveCfg = Release|Any CPU
		{5EA1641A-8FE0-47C0-B06C-23AEC78F3774}.Release|Any CPU.Build.0 = Release|Any CPU
	EndGlobalSection
EndGlobal
